
Microsoft Visual Studio Solution File, Format Version 12.00
# Visual Studio Version 16
VisualStudioVersion = 16.0.31205.134
MinimumVisualStudioVersion = 10.0.40219.1
Project("{FAE04EC0-301F-11D3-BF4B-00C04F79EFBC}") = "DapperPracticeA", "DapperPracticeA\DapperPracticeA.csproj", "{CE917FC6-E7F5-4835-9C86-2076222A5759}"
EndProject
Global
	GlobalSection(SolutionConfigurationPlatforms) = preSolution
		Debug|Any CPU = Debug|Any CPU
		Release|Any CPU = Release|Any CPU
	EndGlobalSection
	GlobalSection(ProjectConfigurationPlatforms) = postSolution
		{CE917FC6-E7F5-4835-9C86-2076222A5759}.Debug|Any CPU.ActiveCfg = Debug|Any CPU
		{CE917FC6-E7F5-4835-9C86-2076222A5759}.Debug|Any CPU.Build.0 = Debug|Any CPU
		{CE917FC6-E7F5-4835-9C86-2076222A5759}.Release|Any CPU.ActiveCfg = Release|Any CPU
		{CE917FC6-E7F5-4835-9C86-2076222A5759}.Release|Any CPU.Build.0 = Release|Any CPU
	EndGlobalSection
	GlobalSection(SolutionProperties) = preSolution
		HideSolutionNode = FALSE
	EndGlobalSection
	GlobalSection(ExtensibilityGlobals) = postSolution
		SolutionGuid = {66715451-AAD6-4890-9BFD-23C24EAD4C11}
	EndGlobalSection
EndGlobal
